# THIS IS AN AUTOGENERATED FILE. DO NOT EDIT THIS FILE DIRECTLY.
# yarn lockfile v1
babylon@^6.8.4:
  version "6.14.1"
  resolved "https://registry.yarnpkg.com/babylon/-/babylon-6.14.1.tgz#956275fab72753ad9b3435d7afe58f8bf0a29815"

esy@andreypopp/esy:
  version "0.0.1"
  resolved "https://codeload.github.com/andreypopp/esy/tar.gz/674ace6b681e1ce6baf55e970acf322db75765f3"
  dependencies:
    flow-remove-types "^1.0.5"
    mkdirp "^0.5.1"
    path-is-inside "^1.0.2"
    resolve "^1.1.7"

flow-remove-types@^1.0.5:
  version "1.1.2"
  resolved "https://registry.yarnpkg.com/flow-remove-types/-/flow-remove-types-1.1.2.tgz#4e31272b2ce111278866fcd135dc697760dc6951"
  dependencies:
    babylon "^6.8.4"
    vlq "^0.2.1"

minimist@0.0.8:
  version "0.0.8"
  resolved "https://registry.yarnpkg.com/minimist/-/minimist-0.0.8.tgz#857fcabfc3397d2625b8228262e86aa7a011b05d"

mkdirp@^0.5.1:
  version "0.5.1"
  resolved "https://registry.yarnpkg.com/mkdirp/-/mkdirp-0.5.1.tgz#30057438eac6cf7f8c4767f38648d6697d75c903"
  dependencies:
    minimist "0.0.8"

ocaml@andreypopp/ocaml#trunk, "ocaml@https://github.com/andreypopp/ocaml.git#trunk":
  version "0.0.4023"
  resolved "https://codeload.github.com/andreypopp/ocaml/tar.gz/f216cd08b75d99287562fdac1f9c72b276470f75"

ocamlfind@andreypopp/ocamlfind:
  version "1.6.2"
  resolved "https://codeload.github.com/andreypopp/ocamlfind/tar.gz/c5502eefcda0986b089338cb3797de5e1d13a55b"
  dependencies:
    ocaml "https://github.com/andreypopp/ocaml.git#trunk"

ocamlgraph@andreypopp/ocamlgraph#pjc:
  version "1.8.7"
  resolved "https://codeload.github.com/andreypopp/ocamlgraph/tar.gz/584ddf1cf716baf48a8e75b8d54fa7be0f4cbfdc"
  dependencies:
    ocamlfind andreypopp/ocamlfind

opam-installer-bin@andreypopp/opam-installer-bin:
  version "0.0.0"
  resolved "https://codeload.github.com/andreypopp/opam-installer-bin/tar.gz/7df0fb896bd6b6fcce737a8e24222f8c4a4cf8c4"

path-is-inside@^1.0.2:
  version "1.0.2"
  resolved "https://registry.yarnpkg.com/path-is-inside/-/path-is-inside-1.0.2.tgz#365417dede44430d1c11af61027facf074bdfc53"

resolve@^1.1.7:
  version "1.1.7"
  resolved "https://registry.yarnpkg.com/resolve/-/resolve-1.1.7.tgz#203114d82ad2c5ed9e8e0411b3932875e889e97b"

solvuu-build@andreypopp/solvuu-build#pjc:
  version "0.1.0"
  resolved "https://codeload.github.com/andreypopp/solvuu-build/tar.gz/1b14d32b61e74dc06325a04539c6bbfe4b0e1d16"
  dependencies:
    ocamlfind andreypopp/ocamlfind
    ocamlgraph andreypopp/ocamlgraph#pjc
    opam-installer-bin andreypopp/opam-installer-bin

vlq@^0.2.1:
  version "0.2.1"
  resolved "https://registry.yarnpkg.com/vlq/-/vlq-0.2.1.tgz#14439d711891e682535467f8587c5630e4222a6c"

