# THIS IS AN AUTOGENERATED FILE. DO NOT EDIT THIS FILE DIRECTLY.
# yarn lockfile v1
# yarn v0.25.2
# node v7.10.0


"@opam-alpha/base-threads@*":
  version "0.0.0"
  resolved "@opam-alpha/base-threads@0.0.0"
  dependencies:
    opam-installer-bin esy-ocaml/opam-installer-bin
    substs esy-ocaml/substs

"@opam-alpha/base-unix@*":
  version "0.0.0"
  resolved "@opam-alpha/base-unix@0.0.0"
  dependencies:
    opam-installer-bin esy-ocaml/opam-installer-bin
    substs esy-ocaml/substs

"@opam-alpha/biniou@>= 1.0.6":
  version "1.0.12"
  uid "2f36d212bd1ca8fef26c5f6b8f71886e"
  resolved "@opam-alpha/biniou@1.0.12"
  dependencies:
    "@opam-alpha/conf-which" "*"
    "@opam-alpha/easy-format" "*"
    "@opam-alpha/ocamlfind" "*"
    opam-installer-bin esy-ocaml/opam-installer-bin
    substs esy-ocaml/substs

"@opam-alpha/camlp4@*":
  version "4.2.7"
  resolved "@opam-alpha/camlp4@4.2.7"
  dependencies:
    "@opam-alpha/conf-which" "*"
    "@opam-alpha/ocamlfind" "*"
    opam-installer-bin esy-ocaml/opam-installer-bin
    substs esy-ocaml/substs

"@opam-alpha/camomile@>= 0.8.0":
  version "0.8.5"
  uid "1e25b6cd4efd26ab38a667db18d83f02"
  resolved "@opam-alpha/camomile@0.8.5"
  dependencies:
    "@opam-alpha/camlp4" "*"
    "@opam-alpha/cppo" "*"
    "@opam-alpha/ocamlfind" "*"
    opam-installer-bin esy-ocaml/opam-installer-bin
    substs esy-ocaml/substs

"@opam-alpha/cmdliner@<= 0.9.8":
  version "0.9.8"
  uid fc67c937447cc223722f1419fa2189da
  resolved "@opam-alpha/cmdliner@0.9.8"
  dependencies:
    opam-installer-bin esy-ocaml/opam-installer-bin
    substs esy-ocaml/substs

"@opam-alpha/conf-m4@*":
  version "1.0.0"
  resolved "@opam-alpha/conf-m4@1.0.0"
  dependencies:
    opam-installer-bin esy-ocaml/opam-installer-bin
    substs esy-ocaml/substs

"@opam-alpha/conf-which@*":
  version "1.0.0"
  resolved "@opam-alpha/conf-which@1.0.0"
  dependencies:
    opam-installer-bin esy-ocaml/opam-installer-bin
    substs esy-ocaml/substs

"@opam-alpha/cppo@*", "@opam-alpha/cppo@>= 1.1.2":
  version "1.4.1"
  uid "2100b34907caa350d3026a3ed13b08d5"
  resolved "@opam-alpha/cppo@1.4.1"
  dependencies:
    "@opam-alpha/ocamlfind" "*"
    opam-installer-bin esy-ocaml/opam-installer-bin
    substs esy-ocaml/substs

"@opam-alpha/easy-format@*":
  version "1.2.0"
  uid "0b99126d35a8a2843573a0655d0d9ff5"
  resolved "@opam-alpha/easy-format@1.2.0"
  dependencies:
    "@opam-alpha/ocamlfind" "*"
    opam-installer-bin esy-ocaml/opam-installer-bin
    substs esy-ocaml/substs

"@opam-alpha/lambda-term@*", "@opam-alpha/lambda-term@>= 1.9.0":
  version "1.9.0"
  uid "17a9f8b56f9a10a7ed4cfa48ae6c3e39"
  resolved "@opam-alpha/lambda-term@1.9.0"
  dependencies:
    "@opam-alpha/lwt" ">= 2.4.0 < 3.0.0"
    "@opam-alpha/ocamlfind" "*"
    "@opam-alpha/react" ">= 1.0.0"
    "@opam-alpha/zed" ">= 1.2.0"
    opam-installer-bin esy-ocaml/opam-installer-bin
    substs esy-ocaml/substs

"@opam-alpha/lwt@*", "@opam-alpha/lwt@>= 2.4.0 < 3.0.0":
  version "2.7.0"
  uid cee770cf9edbda92578c873e7e4c6105
  resolved "@opam-alpha/lwt@2.7.0"
  dependencies:
    "@opam-alpha/base-threads" "*"
    "@opam-alpha/base-unix" "*"
    "@opam-alpha/camlp4" "*"
    "@opam-alpha/ocamlfind" ">= 1.5.0"
    "@opam-alpha/ppx_tools" "*"
    "@opam-alpha/react" "*"
    "@opam-alpha/result" "*"
    opam-installer-bin esy-ocaml/opam-installer-bin
    substs esy-ocaml/substs

"@opam-alpha/merlin@*":
  version "2.5.4"
  uid "3d9ba02bdea38541c650e3a8bee01931"
  resolved "@opam-alpha/merlin@2.5.4"
  dependencies:
    "@opam-alpha/ocamlfind" ">= 1.5.2"
    "@opam-alpha/yojson" "*"
    opam-installer-bin esy-ocaml/opam-installer-bin
    substs esy-ocaml/substs

"@opam-alpha/ocamlfind@*", "@opam-alpha/ocamlfind@>= 1.5.0", "@opam-alpha/ocamlfind@>= 1.5.2", "@opam-alpha/ocamlfind@>= 1.5.6":
  version "1.7.1"
  resolved "@opam-alpha/ocamlfind@1.7.1"
  dependencies:
    "@opam-alpha/conf-m4" "*"
    opam-installer-bin esy-ocaml/opam-installer-bin
    substs esy-ocaml/substs

"@opam-alpha/ocp-build@>= 1.99.6":
  version "1.99.9"
  uid "756bfe6337160693ec52119b400a12c2"
  resolved "@opam-alpha/ocp-build@1.99.9"
  dependencies:
    "@opam-alpha/camlp4" "*"
    "@opam-alpha/ocamlfind" "*"
    opam-installer-bin esy-ocaml/opam-installer-bin
    substs esy-ocaml/substs

"@opam-alpha/ocp-indent@^1.5.3":
  version "1.5.3"
  uid "7515340b23df8884e4ae6f6a4315d5f7"
  resolved "@opam-alpha/ocp-indent@1.5.3"
  dependencies:
    "@opam-alpha/cmdliner" "<= 0.9.8"
    "@opam-alpha/ocp-build" ">= 1.99.6"
    opam-installer-bin esy-ocaml/opam-installer-bin
    substs esy-ocaml/substs

"@opam-alpha/ppx_tools@*":
  version "5.4020.0"
  uid "2f2bbe2ef0d16a6371d25a9e78854b3d"
  resolved "@opam-alpha/ppx_tools@5.4020.0"
  dependencies:
    "@opam-alpha/ocamlfind" ">= 1.5.0"
    opam-installer-bin esy-ocaml/opam-installer-bin
    substs esy-ocaml/substs

"@opam-alpha/react@*", "@opam-alpha/react@>= 1.0.0":
  version "1.2.0"
  uid f071a1308b6cad131c55cda8677823c3
  resolved "@opam-alpha/react@1.2.0"
  dependencies:
    "@opam-alpha/ocamlfind" "*"
    opam-installer-bin esy-ocaml/opam-installer-bin
    substs esy-ocaml/substs

"@opam-alpha/result@*":
  version "1.2.0"
  uid "3d5b66c5526918f0f2ca9d6811ef09c8"
  resolved "@opam-alpha/result@1.2.0"
  dependencies:
    opam-installer-bin esy-ocaml/opam-installer-bin
    substs esy-ocaml/substs

"@opam-alpha/utop@*":
  version "1.19.3"
  uid "280f9a1062c53be8bae41cfd57ce29dd"
  resolved "@opam-alpha/utop@1.19.3"
  dependencies:
    "@opam-alpha/cppo" ">= 1.1.2"
    "@opam-alpha/lambda-term" ">= 1.9.0"
    "@opam-alpha/lwt" "*"
    "@opam-alpha/ocamlfind" ">= 1.5.6"
    "@opam-alpha/react" ">= 1.0.0"
    opam-installer-bin esy-ocaml/opam-installer-bin
    substs esy-ocaml/substs

"@opam-alpha/yojson@*":
  version "1.3.3"
  uid "00686983d44b2a3f3bd61e95f1d44c3c"
  resolved "@opam-alpha/yojson@1.3.3"
  dependencies:
    "@opam-alpha/biniou" ">= 1.0.6"
    "@opam-alpha/cppo" "*"
    "@opam-alpha/easy-format" "*"
    "@opam-alpha/ocamlfind" "*"
    opam-installer-bin esy-ocaml/opam-installer-bin
    substs esy-ocaml/substs

"@opam-alpha/zed@>= 1.2.0":
  version "1.4.0"
  uid "47661250ed1b3e12c886d19c1a019675"
  resolved "@opam-alpha/zed@1.4.0"
  dependencies:
    "@opam-alpha/camomile" ">= 0.8.0"
    "@opam-alpha/ocamlfind" "*"
    "@opam-alpha/react" "*"
    opam-installer-bin esy-ocaml/opam-installer-bin
    substs esy-ocaml/substs

ocaml@esy-ocaml/ocaml#esy:
  version "4.2.3"
  resolved "https://codeload.github.com/esy-ocaml/ocaml/tar.gz/88ae14f699795f2e4f6002156e24d77278cb8797"

opam-installer-bin@esy-ocaml/opam-installer-bin:
  version "0.0.0"
  resolved "https://codeload.github.com/esy-ocaml/opam-installer-bin/tar.gz/949919de96acd87370a55fed4ad6c59c0bd2dcbd"

substs@esy-ocaml/substs:
  version "0.0.1"
  resolved "https://codeload.github.com/esy-ocaml/substs/tar.gz/58b2f5fafbd675665a5a46ef3d142e8e505d2042"
